
Microsoft Visual Studio Solution File, Format Version 12.00
# Visual Studio Version 16
VisualStudioVersion = 16.0.31515.178
MinimumVisualStudioVersion = 10.0.40219.1
Project("{FAE04EC0-301F-11D3-BF4B-00C04F79EFBC}") = "Kronoloji", "Kronoloji\Kronoloji.csproj", "{8EACDCAE-BC57-4028-8AFC-D581AFDDCB35}"
EndProject
Project("{FAE04EC0-301F-11D3-BF4B-00C04F79EFBC}") = "Extensions", "Extensions\Extensions.csproj", "{22B9A127-5E74-4534-BFC4-A3349544C52C}"
EndProject
Global
	GlobalSection(SolutionConfigurationPlatforms) = preSolution
		Debug|Any CPU = Debug|Any CPU
		Release|Any CPU = Release|Any CPU
	EndGlobalSection
	GlobalSection(ProjectConfigurationPlatforms) = postSolution
		{8EACDCAE-BC57-4028-8AFC-D581AFDDCB35}.Debug|Any CPU.ActiveCfg = Debug|Any CPU
		{8EACDCAE-BC57-4028-8AFC-D581AFDDCB35}.Debug|Any CPU.Build.0 = Debug|Any CPU
		{8EACDCAE-BC57-4028-8AFC-D581AFDDCB35}.Release|Any CPU.ActiveCfg = Release|Any CPU
		{8EACDCAE-BC57-4028-8AFC-D581AFDDCB35}.Release|Any CPU.Build.0 = Release|Any CPU
		{22B9A127-5E74-4534-BFC4-A3349544C52C}.Debug|Any CPU.ActiveCfg = Debug|Any CPU
		{22B9A127-5E74-4534-BFC4-A3349544C52C}.Debug|Any CPU.Build.0 = Debug|Any CPU
		{22B9A127-5E74-4534-BFC4-A3349544C52C}.Release|Any CPU.ActiveCfg = Release|Any CPU
		{22B9A127-5E74-4534-BFC4-A3349544C52C}.Release|Any CPU.Build.0 = Release|Any CPU
	EndGlobalSection
	GlobalSection(SolutionProperties) = preSolution
		HideSolutionNode = FALSE
	EndGlobalSection
	GlobalSection(ExtensibilityGlobals) = postSolution
		SolutionGuid = {9F72D5EE-A24D-42A4-A69E-56C9BAE9E03F}
	EndGlobalSection
EndGlobal
